
Microsoft Visual Studio Solution File, Format Version 12.00
# Visual Studio 15
VisualStudioVersion = 15.0.27428.2015
MinimumVisualStudioVersion = 10.0.40219.1
Project("{FAE04EC0-301F-11D3-BF4B-00C04F79EFBC}") = "BSK_Projekt2", "BSK_Projekt2\BSK_Projekt2.csproj", "{EAA6153E-8E23-4838-B0BD-B2365D3C317C}"
EndProject
Global
	GlobalSection(SolutionConfigurationPlatforms) = preSolution
		Debug|Any CPU = Debug|Any CPU
		Release|Any CPU = Release|Any CPU
	EndGlobalSection
	GlobalSection(ProjectConfigurationPlatforms) = postSolution
		{EAA6153E-8E23-4838-B0BD-B2365D3C317C}.Debug|Any CPU.ActiveCfg = Debug|Any CPU
		{EAA6153E-8E23-4838-B0BD-B2365D3C317C}.Debug|Any CPU.Build.0 = Debug|Any CPU
		{EAA6153E-8E23-4838-B0BD-B2365D3C317C}.Release|Any CPU.ActiveCfg = Release|Any CPU
		{EAA6153E-8E23-4838-B0BD-B2365D3C317C}.Release|Any CPU.Build.0 = Release|Any CPU
	EndGlobalSection
	GlobalSection(SolutionProperties) = preSolution
		HideSolutionNode = FALSE
	EndGlobalSection
	GlobalSection(ExtensibilityGlobals) = postSolution
		SolutionGuid = {BC6E7883-76F2-4A18-B83C-E66D5B4C181F}
	EndGlobalSection
EndGlobal
